
Microsoft Visual Studio Solution File, Format Version 12.00
# Visual Studio Version 17
VisualStudioVersion = 17.7.34024.191
MinimumVisualStudioVersion = 10.0.40219.1
Project("{FAE04EC0-301F-11D3-BF4B-00C04F79EFBC}") = "LABWORK6", "LABWORK6\LABWORK6.csproj", "{E0CB7908-CE35-4590-8049-85431EE69716}"
EndProject
Global
	GlobalSection(SolutionConfigurationPlatforms) = preSolution
		Debug|Any CPU = Debug|Any CPU
		Release|Any CPU = Release|Any CPU
	EndGlobalSection
	GlobalSection(ProjectConfigurationPlatforms) = postSolution
		{E0CB7908-CE35-4590-8049-85431EE69716}.Debug|Any CPU.ActiveCfg = Debug|Any CPU
		{E0CB7908-CE35-4590-8049-85431EE69716}.Debug|Any CPU.Build.0 = Debug|Any CPU
		{E0CB7908-CE35-4590-8049-85431EE69716}.Release|Any CPU.ActiveCfg = Release|Any CPU
		{E0CB7908-CE35-4590-8049-85431EE69716}.Release|Any CPU.Build.0 = Release|Any CPU
	EndGlobalSection
	GlobalSection(SolutionProperties) = preSolution
		HideSolutionNode = FALSE
	EndGlobalSection
	GlobalSection(ExtensibilityGlobals) = postSolution
		SolutionGuid = {0F8BAF14-4C43-4455-8F4C-A96FBB5F4688}
	EndGlobalSection
EndGlobal
